
Microsoft Visual Studio Solution File, Format Version 12.00
# Visual Studio Version 16
VisualStudioVersion = 16.0.31105.61
MinimumVisualStudioVersion = 10.0.40219.1
Project("{FAE04EC0-301F-11D3-BF4B-00C04F79EFBC}") = "Herencia-ComposicionDelegacion", "Herencia-ComposicionDelegacion\Herencia-ComposicionDelegacion.csproj", "{F932DD88-4FB2-40B3-ACC1-FF5EB577D1E2}"
EndProject
Project("{FAE04EC0-301F-11D3-BF4B-00C04F79EFBC}") = "EjemploAcoplamiento", "EjemploAcoplamiento\EjemploAcoplamiento.csproj", "{AFCC0FD0-AC64-460F-84CA-8D3E629E69C7}"
EndProject
Global
	GlobalSection(SolutionConfigurationPlatforms) = preSolution
		Debug|Any CPU = Debug|Any CPU
		Release|Any CPU = Release|Any CPU
	EndGlobalSection
	GlobalSection(ProjectConfigurationPlatforms) = postSolution
		{F932DD88-4FB2-40B3-ACC1-FF5EB577D1E2}.Debug|Any CPU.ActiveCfg = Debug|Any CPU
		{F932DD88-4FB2-40B3-ACC1-FF5EB577D1E2}.Debug|Any CPU.Build.0 = Debug|Any CPU
		{F932DD88-4FB2-40B3-ACC1-FF5EB577D1E2}.Release|Any CPU.ActiveCfg = Release|Any CPU
		{F932DD88-4FB2-40B3-ACC1-FF5EB577D1E2}.Release|Any CPU.Build.0 = Release|Any CPU
		{AFCC0FD0-AC64-460F-84CA-8D3E629E69C7}.Debug|Any CPU.ActiveCfg = Debug|Any CPU
		{AFCC0FD0-AC64-460F-84CA-8D3E629E69C7}.Debug|Any CPU.Build.0 = Debug|Any CPU
		{AFCC0FD0-AC64-460F-84CA-8D3E629E69C7}.Release|Any CPU.ActiveCfg = Release|Any CPU
		{AFCC0FD0-AC64-460F-84CA-8D3E629E69C7}.Release|Any CPU.Build.0 = Release|Any CPU
	EndGlobalSection
	GlobalSection(SolutionProperties) = preSolution
		HideSolutionNode = FALSE
	EndGlobalSection
	GlobalSection(ExtensibilityGlobals) = postSolution
		SolutionGuid = {E311D38F-7BDA-4AD0-A744-21BE04F5055A}
	EndGlobalSection
EndGlobal
